
Microsoft Visual Studio Solution File, Format Version 12.00
# Visual Studio Version 16
VisualStudioVersion = 16.0.31205.134
MinimumVisualStudioVersion = 10.0.40219.1
Project("{9A19103F-16F7-4668-BE54-9A1E7A4F7556}") = "Blog.Api", "Blog.Api\Blog.Api.csproj", "{863C0DD3-38EF-4BEC-8B7E-38ECA0D4CA2B}"
EndProject
Project("{FAE04EC0-301F-11D3-BF4B-00C04F79EFBC}") = "Blog.Model", "Blog.Model\Blog.Model.csproj", "{4FEEFFB2-B11E-46D5-BA00-3AE6C5A8FAED}"
EndProject
Global
	GlobalSection(SolutionConfigurationPlatforms) = preSolution
		Debug|Any CPU = Debug|Any CPU
		Release|Any CPU = Release|Any CPU
	EndGlobalSection
	GlobalSection(ProjectConfigurationPlatforms) = postSolution
		{863C0DD3-38EF-4BEC-8B7E-38ECA0D4CA2B}.Debug|Any CPU.ActiveCfg = Debug|Any CPU
		{863C0DD3-38EF-4BEC-8B7E-38ECA0D4CA2B}.Debug|Any CPU.Build.0 = Debug|Any CPU
		{863C0DD3-38EF-4BEC-8B7E-38ECA0D4CA2B}.Release|Any CPU.ActiveCfg = Release|Any CPU
		{863C0DD3-38EF-4BEC-8B7E-38ECA0D4CA2B}.Release|Any CPU.Build.0 = Release|Any CPU
		{4FEEFFB2-B11E-46D5-BA00-3AE6C5A8FAED}.Debug|Any CPU.ActiveCfg = Debug|Any CPU
		{4FEEFFB2-B11E-46D5-BA00-3AE6C5A8FAED}.Debug|Any CPU.Build.0 = Debug|Any CPU
		{4FEEFFB2-B11E-46D5-BA00-3AE6C5A8FAED}.Release|Any CPU.ActiveCfg = Release|Any CPU
		{4FEEFFB2-B11E-46D5-BA00-3AE6C5A8FAED}.Release|Any CPU.Build.0 = Release|Any CPU
	EndGlobalSection
	GlobalSection(SolutionProperties) = preSolution
		HideSolutionNode = FALSE
	EndGlobalSection
	GlobalSection(ExtensibilityGlobals) = postSolution
		SolutionGuid = {44F57F6E-8342-4D2C-93B7-52E5DCFA8BB6}
	EndGlobalSection
EndGlobal
